{
    "_readme": [
        "This file locks the dependencies of your project to a known state",
        "Read more about it at https://getcomposer.org/doc/01-basic-usage.md#installing-dependencies",
        "This file is @generated automatically"
    ],
    "content-hash": "d8517423fd20b68a0ea0fe2fff0cd0c7",
    "packages": [
        {
            "name": "horttcore/wp-assets",
            "version": "1.0.0",
            "source": {
                "type": "git",
                "url": "https://github.com/Horttcore/wp-assets.git",
                "reference": "84325c19610e19123465450ebf8c7d754197fd6f"
            },
            "dist": {
                "type": "zip",
                "url": "https://api.github.com/repos/Horttcore/wp-assets/zipball/84325c19610e19123465450ebf8c7d754197fd6f",
                "reference": "84325c19610e19123465450ebf8c7d754197fd6f",
                "shasum": ""
            },
            "type": "library",
            "autoload": {
                "psr-4": {
                    "Horttcore\\Assets\\": "src/"
                }
            },
            "notification-url": "https://packagist.org/downloads/",
            "license": [
                "MIT"
            ],
            "authors": [
                {
                    "name": "Ralf Hortt",
                    "email": "me@horttcore.de"
                }
            ],
            "description": "A helper package for working with the WordPress assets",
            "time": "2019-04-10T07:21:48+00:00"
        },
        {
            "name": "horttcore/wp-customizer",
            "version": "2.1.0",
            "source": {
                "type": "git",
                "url": "https://github.com/Horttcore/wp-customizer.git",
                "reference": "e71109aea56738151a028b7d25bddae488dde235"
            },
            "dist": {
                "type": "zip",
                "url": "https://api.github.com/repos/Horttcore/wp-customizer/zipball/e71109aea56738151a028b7d25bddae488dde235",
                "reference": "e71109aea56738151a028b7d25bddae488dde235",
                "shasum": ""
            },
            "type": "library",
            "autoload": {
                "psr-4": {
                    "Horttcore\\Customizer\\": "src/"
                }
            },
            "notification-url": "https://packagist.org/downloads/",
            "license": [
                "MIT"
            ],
            "authors": [
                {
                    "name": "Ralf Hortt",
                    "email": "me@horttcore.de"
                }
            ],
            "description": "A helper package for working with the WordPress Customizer",
            "time": "2019-09-18T20:26:55+00:00"
        },
        {
            "name": "ralfhortt/wp-content-width",
            "version": "1.2.0",
            "source": {
                "type": "git",
                "url": "https://github.com/Horttcore/wp-content-width.git",
                "reference": "fe0707072fbddfac2e3adbaeacb7854aafdc5336"
            },
            "dist": {
                "type": "zip",
                "url": "https://api.github.com/repos/Horttcore/wp-content-width/zipball/fe0707072fbddfac2e3adbaeacb7854aafdc5336",
                "reference": "fe0707072fbddfac2e3adbaeacb7854aafdc5336",
                "shasum": ""
            },
            "type": "library",
            "autoload": {
                "psr-4": {
                    "RalfHortt\\ContentWidth\\": "src/"
                }
            },
            "notification-url": "https://packagist.org/downloads/",
            "license": [
                "GPL-2.0-or-later"
            ],
            "authors": [
                {
                    "name": "Ralf Hortt",
                    "email": "me@horttcore.de"
                }
            ],
            "description": "Setting the global WordPress variable `$content_width` in a single place for php and css",
            "time": "2019-09-10T11:32:46+00:00"
        },
        {
            "name": "ralfhortt/wp-image-sizes",
            "version": "1.0.0",
            "source": {
                "type": "git",
                "url": "https://github.com/Horttcore/wp-image-sizes.git",
                "reference": "05418c0477dec8ca41754999aa030517fb7e1ef5"
            },
            "dist": {
                "type": "zip",
                "url": "https://api.github.com/repos/Horttcore/wp-image-sizes/zipball/05418c0477dec8ca41754999aa030517fb7e1ef5",
                "reference": "05418c0477dec8ca41754999aa030517fb7e1ef5",
                "shasum": ""
            },
            "type": "library",
            "autoload": {
                "psr-4": {
                    "RalfHortt\\ImageSizes\\": "src"
                }
            },
            "notification-url": "https://packagist.org/downloads/",
            "license": [
                "GPL-2.0-or-later"
            ],
            "authors": [
                {
                    "name": "Ralf Hortt",
                    "email": "me@horttcore.de"
                }
            ],
            "description": "A helper class to register image sizes",
            "time": "2019-05-31T20:45:23+00:00"
        },
        {
            "name": "ralfhortt/wp-template-loader",
            "version": "1.1.0",
            "source": {
                "type": "git",
                "url": "https://github.com/Horttcore/wp-template-loader.git",
                "reference": "aab3c747644ef6597e97681378e47c4929322bd1"
            },
            "dist": {
                "type": "zip",
                "url": "https://api.github.com/repos/Horttcore/wp-template-loader/zipball/aab3c747644ef6597e97681378e47c4929322bd1",
                "reference": "aab3c747644ef6597e97681378e47c4929322bd1",
                "shasum": ""
            },
            "type": "library",
            "autoload": {
                "psr-4": {
                    "RalfHortt\\TemplateLoader\\": "src"
                }
            },
            "notification-url": "https://packagist.org/downloads/",
            "license": [
                "GPL-2.0-or-later"
            ],
            "authors": [
                {
                    "name": "Ralf Hortt",
                    "email": "me@horttcore.de"
                }
            ],
            "description": "A helper class to load template files from another location",
            "time": "2019-06-04T19:45:56+00:00"
        }
    ],
    "packages-dev": [],
    "aliases": [],
    "minimum-stability": "stable",
    "stability-flags": [],
    "prefer-stable": false,
    "prefer-lowest": false,
    "platform": [],
    "platform-dev": []
}
